
Microsoft Visual Studio Solution File, Format Version 12.00
# Visual Studio Version 17
VisualStudioVersion = 17.4.33122.133
MinimumVisualStudioVersion = 10.0.40219.1
Project("{9A19103F-16F7-4668-BE54-9A1E7A4F7556}") = "GlueGCodeGenerator", "GlueGCodeGenerator.csproj", "{EE1A4871-ECF4-4480-AF1D-DAA9268229A0}"
EndProject
Project("{2150E333-8FDC-42A3-9474-1A3956D46DE8}") = "Solution Items", "Solution Items", "{EE8BB2BB-C4A0-4631-A9CA-448FD101ED03}"
EndProject
Global
	GlobalSection(SolutionConfigurationPlatforms) = preSolution
		Debug|Any CPU = Debug|Any CPU
		Release|Any CPU = Release|Any CPU
	EndGlobalSection
	GlobalSection(ProjectConfigurationPlatforms) = postSolution
		{EE1A4871-ECF4-4480-AF1D-DAA9268229A0}.Debug|Any CPU.ActiveCfg = Debug|Any CPU
		{EE1A4871-ECF4-4480-AF1D-DAA9268229A0}.Debug|Any CPU.Build.0 = Debug|Any CPU
		{EE1A4871-ECF4-4480-AF1D-DAA9268229A0}.Release|Any CPU.ActiveCfg = Release|Any CPU
		{EE1A4871-ECF4-4480-AF1D-DAA9268229A0}.Release|Any CPU.Build.0 = Release|Any CPU
	EndGlobalSection
	GlobalSection(SolutionProperties) = preSolution
		HideSolutionNode = FALSE
	EndGlobalSection
	GlobalSection(ExtensibilityGlobals) = postSolution
		SolutionGuid = {29B75FE3-542B-413B-B8EA-2A7142BE2AD2}
	EndGlobalSection
EndGlobal
